const express = require('express');
const expenseController = require('../controllers/expenseController');
const authMiddleware = require('../middleware/auth');

const router = express.Router();

router.use(authMiddleware);

router.get('/dashboard', expenseController.getDashboard);
router.get('/:expenseId', expenseController.getExpense);
router.delete('/:expenseId', expenseController.deleteExpense);

module.exports = router;
